github.com/aws/aws-lambda-go v1.47.0 h1:0H8s0vumYx/YKs4sE7YM0ktwL2eWse+kfopsRI1sXVI=
github.com/aws/aws-lambda-go v1.47.0/go.mod h1:dpMpZgvWx5vuQJfBt0zqBha60q7Dd7RfgJv23DymV8A=
github.com/aws/aws-sdk-go-v2 v1.41.3 h1:4kQ/fa22KjDt13QCy1+bYADvdgcxpfH18f0zP542kZA=
github.com/aws/aws-sdk-go-v2 v1.41.3/go.mod h1:mwsPRE8ceUUpiTgF7QmQIJ7lgsKUPQOUl3o72QBrE1o=
github.com/aws/aws-sdk-go-v2/aws/protocol/eventstream v1.6.8 h1:zAxi9p3wsZMIaVCdoiQp2uZ9k1LsZvmAnoTBeZPXom0=
github.com/aws/aws-sdk-go-v2/aws/protocol/eventstream v1.6.8/go.mod h1:3XkePX5dSaxveLAYY7nsbsZZrKxCyEuE5pM4ziFxyGg=
github.com/aws/aws-sdk-go-v2/config v1.29.4 h1:ObNqKsDYFGr2WxnoXKOhCvTlf3HhwtoGgc+KmZ4H5yg=
github.com/aws/aws-sdk-go-v2/config v1.29.4/go.mod h1:j2/AF7j/qxVmsNIChw1tWfsVKOayJoGRDjg1Tgq7NPk=
github.com/aws/aws-sdk-go-v2/credentials v1.17.57 h1:kFQDsbdBAR3GZsB8xA+51ptEnq9TIj3tS4MuP5b+TcQ=
github.com/aws/aws-sdk-go-v2/credentials v1.17.57/go.mod h1:2kerxPUUbTagAr/kkaHiqvj/bcYHzi2qiJS/ZinllU0=
github.com/aws/aws-sdk-go-v2/feature/ec2/imds v1.16.27 h1:7lOW8NUwE9UZekS1DYoiPdVAqZ6A+LheHWb+mHbNOq8=
github.com/aws/aws-sdk-go-v2/feature/ec2/imds v1.16.27/go.mod h1:w1BASFIPOPUae7AgaH4SbjNbfdkxuggLyGfNFTn8ITY=
github.com/aws/aws-sdk-go-v2/internal/configsources v1.4.19 h1:/sECfyq2JTifMI2JPyZ4bdRN77zJmr6SrS1eL3augIA=
github.com/aws/aws-sdk-go-v2/internal/configsources v1.4.19/go.mod h1:dMf8A5oAqr9/oxOfLkC/c2LU/uMcALP0Rgn2BD5LWn0=
github.com/aws/aws-sdk-go-v2/internal/endpoints/v2 v2.7.19 h1:AWeJMk33GTBf6J20XJe6qZoRSJo0WfUhsMdUKhoODXE=
github.com/aws/aws-sdk-go-v2/internal/endpoints/v2 v2.7.19/go.mod h1:+GWrYoaAsV7/4pNHpwh1kiNLXkKaSoppxQq9lbH8Ejw=
github.com/aws/aws-sdk-go-v2/internal/ini v1.8.2 h1:Pg9URiobXy85kgFev3og2CuOZ8JZUBENF+dcgWBaYNk=
github.com/aws/aws-sdk-go-v2/internal/ini v1.8.2/go.mod h1:FbtygfRFze9usAadmnGJNc8KsP346kEe+y2/oyhGAGc=
github.com/aws/aws-sdk-go-v2/internal/v4a v1.3.31 h1:8IwBjuLdqIO1dGB+dZ9zJEl8wzY3bVYxcs0Xyu/Lsc0=
github.com/aws/aws-sdk-go-v2/internal/v4a v1.3.31/go.mod h1:8tMBcuVjL4kP/ECEIWTCWtwV2kj6+ouEKl4cqR4iWLw=
github.com/aws/aws-sdk-go-v2/service/internal/accept-encoding v1.12.2 h1:D4oz8/CzT9bAEYtVhSBmFj2dNOtaHOtMKc2vHBwYizA=
github.com/aws/aws-sdk-go-v2/service/internal/accept-encoding v1.12.2/go.mod h1:Za3IHqTQ+yNcRHxu1OFucBh0ACZT4j4VQFF0BqpZcLY=
github.com/aws/aws-sdk-go-v2/service/internal/checksum v1.5.5 h1:siiQ+jummya9OLPDEyHVb2dLW4aOMe22FGDd0sAfuSw=
github.com/aws/aws-sdk-go-v2/service/internal/checksum v1.5.5/go.mod h1:iHVx2J9pWzITdP5MJY6qWfG34TfD9EA+Qi3eV6qQCXw=
github.com/aws/aws-sdk-go-v2/service/internal/presigned-url v1.12.12 h1:O+8vD2rGjfihBewr5bT+QUfYUHIxCVgG61LHoT59shM=
github.com/aws/aws-sdk-go-v2/service/internal/presigned-url v1.12.12/go.mod h1:usVdWJaosa66NMvmCrr08NcWDBRv4E6+YFG2pUdw1Lk=
github.com/aws/aws-sdk-go-v2/service/internal/s3shared v1.18.12 h1:tkVNm99nkJnFo1H9IIQb5QkCiPcvCDn3Pos+IeTbGRA=
github.com/aws/aws-sdk-go-v2/service/internal/s3shared v1.18.12/go.mod h1:dIVlquSPUMqEJtx2/W17SM2SuESRaVEhEV9alcMqxjw=
github.com/aws/aws-sdk-go-v2/service/s3 v1.75.2 h1:dyC+iA2+Yc7iDMDh0R4eT6fi8TgBduc+BOWCy6Br0/o=
github.com/aws/aws-sdk-go-v2/service/s3 v1.75.2/go.mod h1:FHSHmyEUkzRbaFFqqm6bkLAOQHgqhsLmfCahvCBMiyA=
github.com/aws/aws-sdk-go-v2/service/ssm v1.68.2 h1:idKv7B7NjmTDd05YHQYMMEFNeD0rWxs/kVX4lsjEiDo=
github.com/aws/aws-sdk-go-v2/service/ssm v1.68.2/go.mod h1:1NiL45h4A60CO/hu/UdNyG5AD3VEsdpaQx1l5KtpurA=
github.com/aws/aws-sdk-go-v2/service/sso v1.24.14 h1:c5WJ3iHz7rLIgArznb3JCSQT3uUMiz9DLZhIX+1G8ok=
github.com/aws/aws-sdk-go-v2/service/sso v1.24.14/go.mod h1:+JJQTxB6N4niArC14YNtxcQtwEqzS3o9Z32n7q33Rfs=
github.com/aws/aws-sdk-go-v2/service/ssooidc v1.28.13 h1:f1L/JtUkVODD+k1+IiSJUUv8A++2qVr+Xvb3xWXETMU=
github.com/aws/aws-sdk-go-v2/service/ssooidc v1.28.13/go.mod h1:tvqlFoja8/s0o+UruA1Nrezo/df0PzdunMDDurUfg6U=
github.com/aws/aws-sdk-go-v2/service/sts v1.33.12 h1:fqg6c1KVrc3SYWma/egWue5rKI4G2+M4wMQN2JosNAA=
github.com/aws/aws-sdk-go-v2/service/sts v1.33.12/go.mod h1:7Yn+p66q/jt38qMoVfNvjbm3D89mGBnkwDcijgtih8w=
github.com/aws/smithy-go v1.24.2 h1:FzA3bu/nt/vDvmnkg+R8Xl46gmzEDam6mZ1hzmwXFng=
github.com/aws/smithy-go v1.24.2/go.mod h1:YE2RhdIuDbA5E5bTdciG9KrW3+TiEONeUWCqxX9i1Fc=
github.com/beevik/etree v1.1.0/go.mod h1:r8Aw8JqVegEf0w2fDnATrX9VpkMcyFeM0FhwO62wh+A=
github.com/creack/pty v1.1.9/go.mod h1:oKZEueFk5CKHvIhNR5MUki03XCEU+Q6VDXinZuGJ33E=
github.com/davecgh/go-spew v1.1.0/go.mod h1:J7Y8YcW2NihsgmVo/mv3lAwl/skON4iLHjSsI+c5H38=
github.com/davecgh/go-spew v1.1.1 h1:vj9j/u1bqnvCEfJOwUhtlOARqs3+rkHYY13jYWTU97c=
github.com/davecgh/go-spew v1.1.1/go.mod h1:J7Y8YcW2NihsgmVo/mv3lAwl/skON4iLHjSsI+c5H38=
github.com/golang-jwt/jwt v3.2.2+incompatible/go.mod h1:8pz2t5EyA70fFQQSrl6XZXzqecmYZeUEB8OUGHkxJ+I=
github.com/golang/mock v1.6.0 h1:ErTB+efbowRARo13NNdxyJji2egdxLGQhRaY+DUumQc=
github.com/golang/mock v1.6.0/go.mod h1:p6yTPP+5HYm5mzsMV8JkE6ZKdX+/wYM6Hr+LicevLPs=
github.com/joho/godotenv v1.5.1 h1:7eLL/+HRGLY0ldzfGMeQkb7vMd0as4CfYvUVzLqw0N0=
github.com/joho/godotenv v1.5.1/go.mod h1:f4LDr5Voq0i2e/R5DDNOoa2zzDfwtkZa6DnEwAbqwq4=
github.com/kr/pty v1.1.1/go.mod h1:pFQYn66WHrOpPYNljwOMqo10TkYh1fy3cYio2l3bCsQ=
github.com/kr/text v0.1.0/go.mod h1:4Jbv+DJW3UT/LiOwJeYQe1efqtUx/iVham/4vfdArNI=
github.com/kr/text v0.2.0/go.mod h1:eLer722TekiGuMkidMxC/pM04lWEeraHUUmBw8l2grE=
github.com/localtunnel/go-localtunnel v0.0.0-20170326223115-8a804488f275 h1:IZycmTpoUtQK3PD60UYBwjaCUHUP7cML494ao9/O8+Q=
github.com/localtunnel/go-localtunnel v0.0.0-20170326223115-8a804488f275/go.mod h1:zt6UU74K6Z6oMOYJbJzYpYucqdcQwSMPBEdSvGiaUMw=
github.com/niemeyer/pretty v0.0.0-20200227124842-a10e7caefd8e/go.mod h1:zD1mROLANZcx1PVRCS0qkT7pwLkGfwJo4zjcN/Tysno=
github.com/pkg/errors v0.9.1 h1:FEBLx1zS214owpjy7qsBeixbURkuhQAwrK5UwLGTwt4=
github.com/pkg/errors v0.9.1/go.mod h1:bwawxfHBFNV+L2hUp1rHADufV3IMtnDRdf1r5NINEl0=
github.com/pmezard/go-difflib v1.0.0 h1:4DBwDE0NGyQoBHbLQYPwSUPoCMWR5BEzIk/f1lZbAQM=
github.com/pmezard/go-difflib v1.0.0/go.mod h1:iKH77koFhYxTK1pcRnkKkqfTogsbg7gZNVY4sRDYZ/4=
github.com/sashabaranov/go-openai v1.36.1 h1:EVfRXwIlW2rUzpx6vR+aeIKCK/xylSrVYAx1TMTSX3g=
github.com/sashabaranov/go-openai v1.36.1/go.mod h1:lj5b/K+zjTSFxVLijLSTDZuP7adOgerWeFyZLUhAKRg=
github.com/stretchr/objx v0.1.0/go.mod h1:HFkY916IF+rwdDfMAkV7OtwuqBVzrE8GR6GFx+wExME=
github.com/stretchr/testify v1.7.0/go.mod h1:6Fq8oRcR53rry900zMqJjRRixrwX3KX962/h/Wwjteg=
github.com/stretchr/testify v1.7.2 h1:4jaiDzPyXQvSd7D0EjG45355tLlV3VOECpq10pLC+8s=
github.com/stretchr/testify v1.7.2/go.mod h1:R6va5+xMeoiuVRoj+gSkQ7d3FALtqAAGI1FQKckRals=
github.com/twilio/twilio-go v1.23.11 h1:Q532m0rgWF1AzzF4Z4ejzTk5XeORWT+zLGzlklSk/iU=
github.com/twilio/twilio-go v1.23.11/go.mod h1:zRkMjudW7v7MqQ3cWNZmSoZJ7EBjPZ4OpNh2zm7Q6ko=
github.com/yuin/goldmark v1.3.5/go.mod h1:mwnBkeHKe2W/ZEtQ+71ViKU8L12m81fl3OWwC1Zlc8k=
golang.org/x/crypto v0.0.0-20190308221718-c2843e01d9a2/go.mod h1:djNgcEr1/C05ACkg1iLfiJU5Ep61QUkGW8qpdssI0+w=
golang.org/x/crypto v0.0.0-20191011191535-87dc89f01550/go.mod h1:yigFU9vqHzYiE8UmvKecakEJjdnWj3jj499lnFckfCI=
golang.org/x/mod v0.4.2/go.mod h1:s0Qsj1ACt9ePp/hMypM3fl4fZqREWJwdYDEqhRiZZUA=
golang.org/x/net v0.0.0-20190404232315-eb5bcb51f2a3/go.mod h1:t9HGtf8HONx5eT2rtn7q6eTqICYqUVnKs3thJo3Qplg=
golang.org/x/net v0.0.0-20190620200207-3b0461eec859/go.mod h1:z5CRVTTTmAJ677TzLLGU+0bjPO0LkuOLi4/5GtJWs/s=
golang.org/x/net v0.0.0-20210405180319-a5a99cb37ef4/go.mod h1:p54w0d4576C0XHj96bSt6lcn1PtDYWL6XObtHCRCNQM=
golang.org/x/sync v0.0.0-20190423024810-112230192c58/go.mod h1:RxMgew5VJxzue5/jJTE5uejpjVlOe/izrB70Jof72aM=
golang.org/x/sync v0.0.0-20210220032951-036812b2e83c/go.mod h1:RxMgew5VJxzue5/jJTE5uejpjVlOe/izrB70Jof72aM=
golang.org/x/sys v0.0.0-20190215142949-d0b11bdaac8a/go.mod h1:STP8DvDyc/dI5b8T5hshtkjS+E42TnysNCUPdjciGhY=
golang.org/x/sys v0.0.0-20190412213103-97732733099d/go.mod h1:h1NjWce9XRLGQEsW7wpKNCjG9DtNlClVuFLEZdDNbEs=
golang.org/x/sys v0.0.0-20201119102817-f84b799fce68/go.mod h1:h1NjWce9XRLGQEsW7wpKNCjG9DtNlClVuFLEZdDNbEs=
golang.org/x/sys v0.0.0-20210330210617-4fbd30eecc44/go.mod h1:h1NjWce9XRLGQEsW7wpKNCjG9DtNlClVuFLEZdDNbEs=
golang.org/x/sys v0.0.0-20210510120138-977fb7262007/go.mod h1:oPkhp1MJrh7nUepCBck5+mAzfO9JrbApNNgaTdGDITg=
golang.org/x/term v0.0.0-20201126162022-7de9c90e9dd1/go.mod h1:bj7SfCRtBDWHUb9snDiAeCFNEtKQo2Wmx5Cou7ajbmo=
golang.org/x/text v0.3.0/go.mod h1:NqM8EUOU14njkJ3fqMW+pc6Ldnwhi/IjpwHt7yyuwOQ=
golang.org/x/text v0.3.3/go.mod h1:5Zoc/QRtKVWzQhOtBMvqHzDpF6irO9z98xDceosuGiQ=
golang.org/x/tools v0.0.0-20180917221912-90fa682c2a6e/go.mod h1:n7NCudcB/nEzxVGmLbDWY5pfWTLqBcC2KZ6jyYvM4mQ=
golang.org/x/tools v0.0.0-20191119224855-298f0cb1881e/go.mod h1:b+2E5dAYhXwXZwtnZ6UAqBI28+e2cm9otk0dWdXHAEo=
golang.org/x/tools v0.1.1/go.mod h1:o0xws9oXOQQZyjljx8fwUC0k7L1pTE6eaCbjGeHmOkk=
golang.org/x/xerrors v0.0.0-20190717185122-a985d3407aa7/go.mod h1:I/5z698sn9Ka8TeJc9MKroUUfqBBauWjQqLJ2OPfmY0=
golang.org/x/xerrors v0.0.0-20191011141410-1b5146add898/go.mod h1:I/5z698sn9Ka8TeJc9MKroUUfqBBauWjQqLJ2OPfmY0=
golang.org/x/xerrors v0.0.0-20200804184101-5ec99f83aff1/go.mod h1:I/5z698sn9Ka8TeJc9MKroUUfqBBauWjQqLJ2OPfmY0=
gopkg.in/check.v1 v0.0.0-20161208181325-20d25e280405/go.mod h1:Co6ibVJAznAaIkqp8huTwlJQCZ016jof/cbN4VW5Yz0=
gopkg.in/check.v1 v1.0.0-20200227125254-8fa46927fb4f/go.mod h1:Co6ibVJAznAaIkqp8huTwlJQCZ016jof/cbN4VW5Yz0=
gopkg.in/yaml.v3 v3.0.0-20200313102051-9f266ea9e77c/go.mod h1:K4uyk7z7BCEPqu6E+C64Yfv1cQ7kz7rIZviUmN+EgEM=
gopkg.in/yaml.v3 v3.0.1 h1:fxVm/GzAzEWqLHuvctI91KS9hhNmmWOoWu0XTYJS7CA=
gopkg.in/yaml.v3 v3.0.1/go.mod h1:K4uyk7z7BCEPqu6E+C64Yfv1cQ7kz7rIZviUmN+EgEM=
